
Microsoft Visual Studio Solution File, Format Version 12.00
# Visual Studio Version 17
VisualStudioVersion = 17.5.33516.290
MinimumVisualStudioVersion = 10.0.40219.1
Project("{FAE04EC0-301F-11D3-BF4B-00C04F79EFBC}") = "Day3-C#", "Day3-C#.csproj", "{C7CDCBE4-21FD-4012-9261-2AA1C1BCA37F}"
EndProject
Project("{FAE04EC0-301F-11D3-BF4B-00C04F79EFBC}") = "Generic", "..\Generic\Generic.csproj", "{7811FB30-7529-4DAE-ADFE-E4A492BE6698}"
EndProject
Project("{FAE04EC0-301F-11D3-BF4B-00C04F79EFBC}") = "File", "..\File\File.csproj", "{CB4355CC-0853-42FD-97E3-0033A472C70B}"
EndProject
Project("{FAE04EC0-301F-11D3-BF4B-00C04F79EFBC}") = "Threading", "..\Threading\Threading.csproj", "{C06D6CB9-9291-4D08-A749-003D7F7D8354}"
EndProject
Project("{FAE04EC0-301F-11D3-BF4B-00C04F79EFBC}") = "Async and Await", "..\Async and Await\Async and Await.csproj", "{CD5F42CF-F0F8-4F06-B0F0-E4180B8C6FEC}"
EndProject
Global
	GlobalSection(SolutionConfigurationPlatforms) = preSolution
		Debug|Any CPU = Debug|Any CPU
		Release|Any CPU = Release|Any CPU
	EndGlobalSection
	GlobalSection(ProjectConfigurationPlatforms) = postSolution
		{C7CDCBE4-21FD-4012-9261-2AA1C1BCA37F}.Debug|Any CPU.ActiveCfg = Debug|Any CPU
		{C7CDCBE4-21FD-4012-9261-2AA1C1BCA37F}.Debug|Any CPU.Build.0 = Debug|Any CPU
		{C7CDCBE4-21FD-4012-9261-2AA1C1BCA37F}.Release|Any CPU.ActiveCfg = Release|Any CPU
		{C7CDCBE4-21FD-4012-9261-2AA1C1BCA37F}.Release|Any CPU.Build.0 = Release|Any CPU
		{7811FB30-7529-4DAE-ADFE-E4A492BE6698}.Debug|Any CPU.ActiveCfg = Debug|Any CPU
		{7811FB30-7529-4DAE-ADFE-E4A492BE6698}.Debug|Any CPU.Build.0 = Debug|Any CPU
		{7811FB30-7529-4DAE-ADFE-E4A492BE6698}.Release|Any CPU.ActiveCfg = Release|Any CPU
		{7811FB30-7529-4DAE-ADFE-E4A492BE6698}.Release|Any CPU.Build.0 = Release|Any CPU
		{CB4355CC-0853-42FD-97E3-0033A472C70B}.Debug|Any CPU.ActiveCfg = Debug|Any CPU
		{CB4355CC-0853-42FD-97E3-0033A472C70B}.Debug|Any CPU.Build.0 = Debug|Any CPU
		{CB4355CC-0853-42FD-97E3-0033A472C70B}.Release|Any CPU.ActiveCfg = Release|Any CPU
		{CB4355CC-0853-42FD-97E3-0033A472C70B}.Release|Any CPU.Build.0 = Release|Any CPU
		{C06D6CB9-9291-4D08-A749-003D7F7D8354}.Debug|Any CPU.ActiveCfg = Debug|Any CPU
		{C06D6CB9-9291-4D08-A749-003D7F7D8354}.Debug|Any CPU.Build.0 = Debug|Any CPU
		{C06D6CB9-9291-4D08-A749-003D7F7D8354}.Release|Any CPU.ActiveCfg = Release|Any CPU
		{C06D6CB9-9291-4D08-A749-003D7F7D8354}.Release|Any CPU.Build.0 = Release|Any CPU
		{CD5F42CF-F0F8-4F06-B0F0-E4180B8C6FEC}.Debug|Any CPU.ActiveCfg = Debug|Any CPU
		{CD5F42CF-F0F8-4F06-B0F0-E4180B8C6FEC}.Debug|Any CPU.Build.0 = Debug|Any CPU
		{CD5F42CF-F0F8-4F06-B0F0-E4180B8C6FEC}.Release|Any CPU.ActiveCfg = Release|Any CPU
		{CD5F42CF-F0F8-4F06-B0F0-E4180B8C6FEC}.Release|Any CPU.Build.0 = Release|Any CPU
	EndGlobalSection
	GlobalSection(SolutionProperties) = preSolution
		HideSolutionNode = FALSE
	EndGlobalSection
	GlobalSection(ExtensibilityGlobals) = postSolution
		SolutionGuid = {2F950ADD-72AC-46CF-BFFD-385CF654D0F4}
	EndGlobalSection
EndGlobal
