
Microsoft Visual Studio Solution File, Format Version 12.00
# Visual Studio Version 17
VisualStudioVersion = 17.2.32630.192
MinimumVisualStudioVersion = 10.0.40219.1
Project("{FAE04EC0-301F-11D3-BF4B-00C04F79EFBC}") = "Task Solid", "Task Solid\Task Solid.csproj", "{D521ED0C-B60C-4A2C-BBF4-1A0CDA2BCF4C}"
EndProject
Global
	GlobalSection(SolutionConfigurationPlatforms) = preSolution
		Debug|Any CPU = Debug|Any CPU
		Release|Any CPU = Release|Any CPU
	EndGlobalSection
	GlobalSection(ProjectConfigurationPlatforms) = postSolution
		{D521ED0C-B60C-4A2C-BBF4-1A0CDA2BCF4C}.Debug|Any CPU.ActiveCfg = Debug|Any CPU
		{D521ED0C-B60C-4A2C-BBF4-1A0CDA2BCF4C}.Debug|Any CPU.Build.0 = Debug|Any CPU
		{D521ED0C-B60C-4A2C-BBF4-1A0CDA2BCF4C}.Release|Any CPU.ActiveCfg = Release|Any CPU
		{D521ED0C-B60C-4A2C-BBF4-1A0CDA2BCF4C}.Release|Any CPU.Build.0 = Release|Any CPU
	EndGlobalSection
	GlobalSection(SolutionProperties) = preSolution
		HideSolutionNode = FALSE
	EndGlobalSection
	GlobalSection(ExtensibilityGlobals) = postSolution
		SolutionGuid = {D3ECE72B-A773-4E90-9A13-7DC69FE9A457}
	EndGlobalSection
EndGlobal
